{
  "version": "4",
  "specifiers": {
    "jsr:@db/sqlite@~0.11.1": "0.11.1",
    "jsr:@denosaurs/plug@1": "1.0.6",
    "jsr:@esroyo/web-cache-api-persistence@~0.1.7": "0.1.11",
    "jsr:@jabr/xxhash64@2.0.0": "2.0.0",
    "jsr:@kitsonk/kv-toolbox@0.22.0": "0.22.0",
    "jsr:@logtape/logtape@0.9": "0.9.0",
    "jsr:@std/assert@0.217": "0.217.0",
    "jsr:@std/assert@0.221": "0.221.0",
    "jsr:@std/assert@^1.0.10": "1.0.11",
    "jsr:@std/assert@^1.0.11": "1.0.11",
    "jsr:@std/async@1": "1.0.10",
    "jsr:@std/bytes@1": "1.0.5",
    "jsr:@std/bytes@^1.0.2-rc.3": "1.0.5",
    "jsr:@std/crypto@1": "1.0.4",
    "jsr:@std/crypto@^1.0.4": "1.0.4",
    "jsr:@std/data-structures@^1.0.6": "1.0.6",
    "jsr:@std/encoding@0.221": "0.221.0",
    "jsr:@std/encoding@1": "1.0.7",
    "jsr:@std/fmt@0.221": "0.221.0",
    "jsr:@std/fs@0.221": "0.221.0",
    "jsr:@std/fs@^1.0.9": "1.0.13",
    "jsr:@std/internal@^1.0.5": "1.0.5",
    "jsr:@std/io@0.224.5": "0.224.5",
    "jsr:@std/media-types@1": "1.1.0",
    "jsr:@std/path@0.217": "0.217.0",
    "jsr:@std/path@0.221": "0.221.0",
    "jsr:@std/path@^1.0.8": "1.0.8",
    "jsr:@std/testing@^1.0.9": "1.0.9",
    "jsr:@std/ulid@1.0.0": "1.0.0",
    "jsr:@takker/md5@0.1": "0.1.0",
    "npm:@types/msgpack-lite@0.1.11": "0.1.11",
    "npm:generic-pool@3.9.0": "3.9.0",
    "npm:msgpack-lite@0.1.26": "0.1.26",
    "npm:sorted-array-functions@1.3.0": "1.3.0"
  },
  "jsr": {
    "@db/sqlite@0.11.1": {
      "integrity": "546434e7ed762db07e6ade0f963540dd5e06723b802937bf260ff855b21ef9c5",
      "dependencies": [
        "jsr:@denosaurs/plug",
        "jsr:@std/path@0.217"
      ]
    },
    "@denosaurs/plug@1.0.6": {
      "integrity": "6cf5b9daba7799837b9ffbe89f3450510f588fafef8115ddab1ff0be9cb7c1a7",
      "dependencies": [
        "jsr:@std/encoding@0.221",
        "jsr:@std/fmt",
        "jsr:@std/fs@0.221",
        "jsr:@std/path@0.221"
      ]
    },
    "@esroyo/web-cache-api-persistence@0.1.11": {
      "integrity": "c8c10a94db2154a854345e60eddbdec498b200d3a4681c50847638e48ecbec09",
      "dependencies": [
        "jsr:@jabr/xxhash64",
        "jsr:@kitsonk/kv-toolbox",
        "jsr:@std/async",
        "jsr:@std/bytes@1",
        "jsr:@std/io",
        "jsr:@std/ulid",
        "npm:@types/msgpack-lite",
        "npm:generic-pool",
        "npm:msgpack-lite",
        "npm:sorted-array-functions"
      ]
    },
    "@jabr/xxhash64@2.0.0": {
      "integrity": "a109e902abb6787816112ac71fd9145d39f8fccb45f96d1707c82197bd8fbfbd"
    },
    "@kitsonk/kv-toolbox@0.22.0": {
      "integrity": "7cb715760b3397c3c34c94666e1964ba6c62661fe8ceda9dc575a63925c9e731",
      "dependencies": [
        "jsr:@std/bytes@1",
        "jsr:@std/crypto@1",
        "jsr:@std/encoding@1",
        "jsr:@std/media-types"
      ]
    },
    "@logtape/logtape@0.9.0": {
      "integrity": "aacdeb0e040e5723021bef8b9b8c03ad7cffb5e2146a0024c30814930f6e7c89"
    },
    "@std/assert@0.217.0": {
      "integrity": "c98e279362ca6982d5285c3b89517b757c1e3477ee9f14eb2fdf80a45aaa9642"
    },
    "@std/assert@0.221.0": {
      "integrity": "a5f1aa6e7909dbea271754fd4ab3f4e687aeff4873b4cef9a320af813adb489a"
    },
    "@std/assert@1.0.11": {
      "integrity": "2461ef3c368fe88bc60e186e7744a93112f16fd110022e113a0849e94d1c83c1",
      "dependencies": [
        "jsr:@std/internal"
      ]
    },
    "@std/async@1.0.10": {
      "integrity": "2ff1b1c7d33d1416159989b0f69e59ec7ee8cb58510df01e454def2108b3dbec"
    },
    "@std/bytes@1.0.5": {
      "integrity": "4465dd739d7963d964c809202ebea6d5c6b8e3829ef25c6a224290fbb8a1021e"
    },
    "@std/crypto@1.0.4": {
      "integrity": "cee245c453bd5366207f4d8aa25ea3e9c86cecad2be3fefcaa6cb17203d79340"
    },
    "@std/data-structures@1.0.6": {
      "integrity": "76a7fd8080c66604c0496220a791860492ab21a04a63a969c0b9a0609bbbb760"
    },
    "@std/encoding@0.221.0": {
      "integrity": "d1dd76ef0dc5d14088411e6dc1dede53bf8308c95d1537df1214c97137208e45"
    },
    "@std/encoding@1.0.7": {
      "integrity": "f631247c1698fef289f2de9e2a33d571e46133b38d042905e3eac3715030a82d"
    },
    "@std/fmt@0.221.0": {
      "integrity": "379fed69bdd9731110f26b9085aeb740606b20428ce6af31ef6bd45ef8efa62a"
    },
    "@std/fs@0.221.0": {
      "integrity": "028044450299de8ed5a716ade4e6d524399f035513b85913794f4e81f07da286",
      "dependencies": [
        "jsr:@std/assert@0.221",
        "jsr:@std/path@0.221"
      ]
    },
    "@std/fs@1.0.13": {
      "integrity": "756d3ff0ade91c9e72b228e8012b6ff00c3d4a4ac9c642c4dac083536bf6c605",
      "dependencies": [
        "jsr:@std/path@^1.0.8"
      ]
    },
    "@std/internal@1.0.5": {
      "integrity": "54a546004f769c1ac9e025abd15a76b6671ddc9687e2313b67376125650dc7ba"
    },
    "@std/io@0.224.5": {
      "integrity": "cb84fe655d1273fca94efcff411465027a8b0b4225203f19d6ee98d9c8920a2d",
      "dependencies": [
        "jsr:@std/bytes@^1.0.2-rc.3"
      ]
    },
    "@std/media-types@1.1.0": {
      "integrity": "c9d093f0c05c3512932b330e3cc1fe1d627b301db33a4c2c2185c02471d6eaa4"
    },
    "@std/path@0.217.0": {
      "integrity": "1217cc25534bca9a2f672d7fe7c6f356e4027df400c0e85c0ef3e4343bc67d11",
      "dependencies": [
        "jsr:@std/assert@0.217"
      ]
    },
    "@std/path@0.221.0": {
      "integrity": "0a36f6b17314ef653a3a1649740cc8db51b25a133ecfe838f20b79a56ebe0095",
      "dependencies": [
        "jsr:@std/assert@0.221"
      ]
    },
    "@std/path@1.0.8": {
      "integrity": "548fa456bb6a04d3c1a1e7477986b6cffbce95102d0bb447c67c4ee70e0364be"
    },
    "@std/testing@1.0.9": {
      "integrity": "9bdd4ac07cb13e7594ac30e90f6ceef7254ac83a9aeaa089be0008f33aab5cd4",
      "dependencies": [
        "jsr:@std/assert@^1.0.10",
        "jsr:@std/data-structures",
        "jsr:@std/fs@^1.0.9",
        "jsr:@std/internal",
        "jsr:@std/path@^1.0.8"
      ]
    },
    "@std/ulid@1.0.0": {
      "integrity": "d41c3d27a907714413649fee864b7cde8d42ee68437d22b79d5de4f81d808780"
    },
    "@takker/md5@0.1.0": {
      "integrity": "4c423d8247aadf7bcb1eb83c727bf28c05c21906e916517395d00aa157b6eae0"
    }
  },
  "npm": {
    "@types/msgpack-lite@0.1.11": {
      "integrity": "sha512-cdCZS/gw+jIN22I4SUZUFf1ZZfVv5JM1//Br/MuZcI373sxiy3eSSoiyLu0oz+BPatTbGGGBO5jrcvd0siCdTQ==",
      "dependencies": [
        "@types/node"
      ]
    },
    "@types/node@22.12.0": {
      "integrity": "sha512-Fll2FZ1riMjNmlmJOdAyY5pUbkftXslB5DgEzlIuNaiWhXd00FhWxVC/r4yV/4wBb9JfImTu+jiSvXTkJ7F/gA==",
      "dependencies": [
        "undici-types"
      ]
    },
    "event-lite@0.1.3": {
      "integrity": "sha512-8qz9nOz5VeD2z96elrEKD2U433+L3DWdUdDkOINLGOJvx1GsMBbMn0aCeu28y8/e85A6mCigBiFlYMnTBEGlSw=="
    },
    "generic-pool@3.9.0": {
      "integrity": "sha512-hymDOu5B53XvN4QT9dBmZxPX4CWhBPPLguTZ9MMFeFa/Kg0xWVfylOVNlJji/E7yTZWFd/q9GO5TxDLq156D7g=="
    },
    "ieee754@1.2.1": {
      "integrity": "sha512-dcyqhDvX1C46lXZcVqCpK+FtMRQVdIMN6/Df5js2zouUsqG7I6sFxitIC+7KYK29KdXOLHdu9zL4sFnoVQnqaA=="
    },
    "int64-buffer@0.1.10": {
      "integrity": "sha512-v7cSY1J8ydZ0GyjUHqF+1bshJ6cnEVLo9EnjB8p+4HDRPZc9N5jjmvUV7NvEsqQOKyH0pmIBFWXVQbiS0+OBbA=="
    },
    "isarray@1.0.0": {
      "integrity": "sha512-VLghIWNM6ELQzo7zwmcg0NmTVyWKYjvIeM83yjp0wRDTmUnrM678fQbcKBo6n2CJEF0szoG//ytg+TKla89ALQ=="
    },
    "msgpack-lite@0.1.26": {
      "integrity": "sha512-SZ2IxeqZ1oRFGo0xFGbvBJWMp3yLIY9rlIJyxy8CGrwZn1f0ZK4r6jV/AM1r0FZMDUkWkglOk/eeKIL9g77Nxw==",
      "dependencies": [
        "event-lite",
        "ieee754",
        "int64-buffer",
        "isarray"
      ]
    },
    "sorted-array-functions@1.3.0": {
      "integrity": "sha512-2sqgzeFlid6N4Z2fUQ1cvFmTOLRi/sEDzSQ0OKYchqgoPmQBVyM3959qYx3fpS6Esef80KjmpgPeEr028dP3OA=="
    },
    "undici-types@6.20.0": {
      "integrity": "sha512-Ny6QZ2Nju20vw1SRHe3d9jVu6gJ+4e3+MMpqu7pqE5HT6WsTSlce++GQmK5UXS8mzV8DSYHrQH+Xrf2jVcuKNg=="
    }
  },
  "workspace": {
    "dependencies": [
      "jsr:@db/sqlite@~0.11.1",
      "jsr:@esroyo/web-cache-api-persistence@~0.1.7",
      "jsr:@logtape/logtape@0.9",
      "jsr:@std/assert@^1.0.11",
      "jsr:@std/crypto@^1.0.4",
      "jsr:@std/testing@^1.0.9",
      "jsr:@takker/md5@0.1"
    ]
  }
}
